{
  "version": 4,
  "terraform_version": "1.6.6",
  "serial": 32,
  "lineage": "a394d7f7-7446-8a36-34d3-9e0a581ec368",
  "outputs": {},
  "resources": [
    {
      "module": "module.ecs",
      "mode": "managed",
      "type": "aws_ecs_cluster",
      "name": "this",
      "provider": "provider[\"registry.terraform.io/hashicorp/aws\"]",
      "instances": [
        {
          "schema_version": 0,
          "attributes": {
            "arn": "arn:aws:ecs:us-west-2:489994096722:cluster/ammar2",
            "configuration": [],
            "id": "arn:aws:ecs:us-west-2:489994096722:cluster/ammar2",
            "name": "ammar2",
            "service_connect_defaults": [],
            "setting": [
              {
                "name": "containerInsights",
                "value": "disabled"
              }
            ],
            "tags": null,
            "tags_all": {}
          },
          "sensitive_attributes": [],
          "private": "bnVsbA==",
          "dependencies": [
            "module.my_vpc.aws_eip.my_eip",
            "module.my_vpc.aws_internet_gateway.my_igw",
            "module.my_vpc.aws_nat_gateway.my_nat_gateway",
            "module.my_vpc.aws_route.private_route",
            "module.my_vpc.aws_route_table.private_route_table",
            "module.my_vpc.aws_route_table.public_route_table",
            "module.my_vpc.aws_route_table_association.private_route_assoc",
            "module.my_vpc.aws_route_table_association.public_route_assoc",
            "module.my_vpc.aws_security_group.allow_all",
            "module.my_vpc.aws_subnet.private",
            "module.my_vpc.aws_subnet.public",
            "module.my_vpc.aws_vpc.my_vpc",
            "module.my_vpc.data.aws_availability_zones.current",
            "module.rds.aws_db_instance.mydb",
            "module.rds.aws_db_subnet_group.mydb_subnet_group"
          ]
        }
      ]
    },
    {
      "module": "module.ecs",
      "mode": "managed",
      "type": "aws_ecs_service",
      "name": "my_service",
      "provider": "provider[\"registry.terraform.io/hashicorp/aws\"]",
      "instances": [
        {
          "schema_version": 0,
          "attributes": {
            "alarms": [],
            "capacity_provider_strategy": [],
            "cluster": "arn:aws:ecs:us-west-2:489994096722:cluster/ammar2",
            "deployment_circuit_breaker": [
              {
                "enable": false,
                "rollback": false
              }
            ],
            "deployment_controller": [
              {
                "type": "ECS"
              }
            ],
            "deployment_maximum_percent": 200,
            "deployment_minimum_healthy_percent": 100,
            "desired_count": 3,
            "enable_ecs_managed_tags": false,
            "enable_execute_command": false,
            "force_new_deployment": null,
            "health_check_grace_period_seconds": 60,
            "iam_role": "/aws-service-role/ecs.amazonaws.com/AWSServiceRoleForECS",
            "id": "arn:aws:ecs:us-west-2:489994096722:service/ammar2/ammar2",
            "launch_type": "FARGATE",
            "load_balancer": [
              {
                "container_name": "ammar2",
                "container_port": 80,
                "elb_name": "",
                "target_group_arn": "arn:aws:elasticloadbalancing:us-west-2:489994096722:targetgroup/ammar2/f6910c8c3e739514"
              }
            ],
            "name": "ammar2",
            "network_configuration": [
              {
                "assign_public_ip": false,
                "security_groups": [
                  "sg-02f9b3093fdfa953e"
                ],
                "subnets": [
                  "subnet-01a075a71eb91fbd8",
                  "subnet-0e06ecbf64c4a0c33"
                ]
              }
            ],
            "ordered_placement_strategy": [],
            "placement_constraints": [],
            "platform_version": "LATEST",
            "propagate_tags": "NONE",
            "scheduling_strategy": "REPLICA",
            "service_connect_configuration": [],
            "service_registries": [],
            "tags": {
              "Name": "ammar2"
            },
            "tags_all": {
              "Name": "ammar2"
            },
            "task_definition": "arn:aws:ecs:us-west-2:489994096722:task-definition/my-ecs-task:13",
            "timeouts": null,
            "triggers": {},
            "wait_for_steady_state": false
          },
          "sensitive_attributes": [],
          "private": "eyJlMmJmYjczMC1lY2FhLTExZTYtOGY4OC0zNDM2M2JjN2M0YzAiOnsiY3JlYXRlIjoxMjAwMDAwMDAwMDAwLCJkZWxldGUiOjEyMDAwMDAwMDAwMDAsInVwZGF0ZSI6MTIwMDAwMDAwMDAwMH19",
          "dependencies": [
            "module.ecs.aws_ecs_cluster.this",
            "module.ecs.aws_ecs_task_definition.my_task_definition",
            "module.ecs.aws_lb_target_group.my_target_group",
            "module.my_vpc.aws_eip.my_eip",
            "module.my_vpc.aws_internet_gateway.my_igw",
            "module.my_vpc.aws_nat_gateway.my_nat_gateway",
            "module.my_vpc.aws_route.private_route",
            "module.my_vpc.aws_route_table.private_route_table",
            "module.my_vpc.aws_route_table.public_route_table",
            "module.my_vpc.aws_route_table_association.private_route_assoc",
            "module.my_vpc.aws_route_table_association.public_route_assoc",
            "module.my_vpc.aws_security_group.allow_all",
            "module.my_vpc.aws_subnet.private",
            "module.my_vpc.aws_subnet.public",
            "module.my_vpc.aws_vpc.my_vpc",
            "module.my_vpc.data.aws_availability_zones.current",
            "module.rds.aws_db_instance.mydb",
            "module.rds.aws_db_subnet_group.mydb_subnet_group"
          ]
        }
      ]
    },
    {
      "module": "module.ecs",
      "mode": "managed",
      "type": "aws_ecs_task_definition",
      "name": "my_task_definition",
      "provider": "provider[\"registry.terraform.io/hashicorp/aws\"]",
      "instances": [
        {
          "schema_version": 1,
          "attributes": {
            "arn": "arn:aws:ecs:us-west-2:489994096722:task-definition/my-ecs-task:13",
            "arn_without_revision": "arn:aws:ecs:us-west-2:489994096722:task-definition/my-ecs-task",
            "container_definitions": "[{\"cpu\":0,\"environment\":[{\"name\":\"PrivateIP\",\"value\":\"ammar2-db-instance.ckzduimfmpdl.us-west-2.rds.amazonaws.com:3306\"},{\"name\":\"dbname\",\"value\":\"pyapp\"},{\"name\":\"dbpass\",\"value\":\"123_abcde\"}],\"essential\":true,\"image\":\"public.ecr.aws/y2a9o9h4/ammar-ecr:latest\",\"mountPoints\":[],\"name\":\"ammar2\",\"portMappings\":[{\"containerPort\":80,\"hostPort\":80,\"protocol\":\"tcp\"}],\"volumesFrom\":[]}]",
            "cpu": "1024",
            "ephemeral_storage": [],
            "execution_role_arn": "arn:aws:iam::489994096722:role/ecsTaskExecutionRole",
            "family": "my-ecs-task",
            "id": "my-ecs-task",
            "inference_accelerator": [],
            "ipc_mode": "",
            "memory": "3072",
            "network_mode": "awsvpc",
            "pid_mode": "",
            "placement_constraints": [],
            "proxy_configuration": [],
            "requires_compatibilities": [
              "FARGATE"
            ],
            "revision": 13,
            "runtime_platform": [
              {
                "cpu_architecture": "X86_64",
                "operating_system_family": "LINUX"
              }
            ],
            "skip_destroy": false,
            "tags": {
              "Name": "ammar2"
            },
            "tags_all": {
              "Name": "ammar2"
            },
            "task_role_arn": "arn:aws:iam::489994096722:role/ECS_Role",
            "volume": []
          },
          "sensitive_attributes": [],
          "private": "eyJzY2hlbWFfdmVyc2lvbiI6IjEifQ==",
          "dependencies": [
            "module.my_vpc.aws_eip.my_eip",
            "module.my_vpc.aws_internet_gateway.my_igw",
            "module.my_vpc.aws_nat_gateway.my_nat_gateway",
            "module.my_vpc.aws_route.private_route",
            "module.my_vpc.aws_route_table.private_route_table",
            "module.my_vpc.aws_route_table.public_route_table",
            "module.my_vpc.aws_route_table_association.private_route_assoc",
            "module.my_vpc.aws_route_table_association.public_route_assoc",
            "module.my_vpc.aws_security_group.allow_all",
            "module.my_vpc.aws_subnet.private",
            "module.my_vpc.aws_subnet.public",
            "module.my_vpc.aws_vpc.my_vpc",
            "module.my_vpc.data.aws_availability_zones.current",
            "module.rds.aws_db_instance.mydb",
            "module.rds.aws_db_subnet_group.mydb_subnet_group"
          ]
        }
      ]
    },
    {
      "module": "module.ecs",
      "mode": "managed",
      "type": "aws_lb",
      "name": "my_alb",
      "provider": "provider[\"registry.terraform.io/hashicorp/aws\"]",
      "instances": [
        {
          "schema_version": 0,
          "attributes": {
            "access_logs": [
              {
                "bucket": "",
                "enabled": false,
                "prefix": ""
              }
            ],
            "arn": "arn:aws:elasticloadbalancing:us-west-2:489994096722:loadbalancer/app/ammar2/d0a52fd5aa93c4a2",
            "arn_suffix": "app/ammar2/d0a52fd5aa93c4a2",
            "connection_logs": [
              {
                "bucket": "",
                "enabled": false,
                "prefix": ""
              }
            ],
            "customer_owned_ipv4_pool": "",
            "desync_mitigation_mode": "defensive",
            "dns_name": "ammar2-1131694067.us-west-2.elb.amazonaws.com",
            "dns_record_client_routing_policy": null,
            "drop_invalid_header_fields": false,
            "enable_cross_zone_load_balancing": true,
            "enable_deletion_protection": false,
            "enable_http2": true,
            "enable_tls_version_and_cipher_suite_headers": false,
            "enable_waf_fail_open": false,
            "enable_xff_client_port": false,
            "enforce_security_group_inbound_rules_on_private_link_traffic": "",
            "id": "arn:aws:elasticloadbalancing:us-west-2:489994096722:loadbalancer/app/ammar2/d0a52fd5aa93c4a2",
            "idle_timeout": 60,
            "internal": false,
            "ip_address_type": "ipv4",
            "load_balancer_type": "application",
            "name": "ammar2",
            "name_prefix": "",
            "preserve_host_header": false,
            "security_groups": [
              "sg-02f9b3093fdfa953e"
            ],
            "subnet_mapping": [
              {
                "allocation_id": "",
                "ipv6_address": "",
                "outpost_id": "",
                "private_ipv4_address": "",
                "subnet_id": "subnet-02d4f2d4b6c9a19ad"
              },
              {
                "allocation_id": "",
                "ipv6_address": "",
                "outpost_id": "",
                "private_ipv4_address": "",
                "subnet_id": "subnet-08e92674f8701b962"
              },
              {
                "allocation_id": "",
                "ipv6_address": "",
                "outpost_id": "",
                "private_ipv4_address": "",
                "subnet_id": "subnet-0d0fea81afb0f0c22"
              }
            ],
            "subnets": [
              "subnet-02d4f2d4b6c9a19ad",
              "subnet-08e92674f8701b962",
              "subnet-0d0fea81afb0f0c22"
            ],
            "tags": {
              "Name": "ammar2"
            },
            "tags_all": {
              "Name": "ammar2"
            },
            "timeouts": null,
            "vpc_id": "vpc-03639736ba84c39e6",
            "xff_header_processing_mode": "append",
            "zone_id": "Z1H1FL5HABSF5"
          },
          "sensitive_attributes": [],
          "private": "eyJlMmJmYjczMC1lY2FhLTExZTYtOGY4OC0zNDM2M2JjN2M0YzAiOnsiY3JlYXRlIjo2MDAwMDAwMDAwMDAsImRlbGV0ZSI6NjAwMDAwMDAwMDAwLCJ1cGRhdGUiOjYwMDAwMDAwMDAwMH19",
          "dependencies": [
            "module.my_vpc.aws_eip.my_eip",
            "module.my_vpc.aws_internet_gateway.my_igw",
            "module.my_vpc.aws_nat_gateway.my_nat_gateway",
            "module.my_vpc.aws_route.private_route",
            "module.my_vpc.aws_route_table.private_route_table",
            "module.my_vpc.aws_route_table.public_route_table",
            "module.my_vpc.aws_route_table_association.private_route_assoc",
            "module.my_vpc.aws_route_table_association.public_route_assoc",
            "module.my_vpc.aws_security_group.allow_all",
            "module.my_vpc.aws_subnet.private",
            "module.my_vpc.aws_subnet.public",
            "module.my_vpc.aws_vpc.my_vpc",
            "module.my_vpc.data.aws_availability_zones.current",
            "module.rds.aws_db_instance.mydb",
            "module.rds.aws_db_subnet_group.mydb_subnet_group"
          ]
        }
      ]
    },
    {
      "module": "module.ecs",
      "mode": "managed",
      "type": "aws_lb_listener",
      "name": "lb_listener_http",
      "provider": "provider[\"registry.terraform.io/hashicorp/aws\"]",
      "instances": [
        {
          "schema_version": 0,
          "attributes": {
            "alpn_policy": null,
            "arn": "arn:aws:elasticloadbalancing:us-west-2:489994096722:listener/app/ammar2/d0a52fd5aa93c4a2/db68d119200e0d48",
            "certificate_arn": null,
            "default_action": [
              {
                "authenticate_cognito": [],
                "authenticate_oidc": [],
                "fixed_response": [],
                "forward": [],
                "order": 1,
                "redirect": [],
                "target_group_arn": "arn:aws:elasticloadbalancing:us-west-2:489994096722:targetgroup/ammar2/f6910c8c3e739514",
                "type": "forward"
              }
            ],
            "id": "arn:aws:elasticloadbalancing:us-west-2:489994096722:listener/app/ammar2/d0a52fd5aa93c4a2/db68d119200e0d48",
            "load_balancer_arn": "arn:aws:elasticloadbalancing:us-west-2:489994096722:loadbalancer/app/ammar2/d0a52fd5aa93c4a2",
            "mutual_authentication": [],
            "port": 80,
            "protocol": "HTTP",
            "ssl_policy": "",
            "tags": {
              "Name": "ammar2"
            },
            "tags_all": {
              "Name": "ammar2"
            },
            "timeouts": null
          },
          "sensitive_attributes": [],
          "private": "eyJlMmJmYjczMC1lY2FhLTExZTYtOGY4OC0zNDM2M2JjN2M0YzAiOnsiY3JlYXRlIjozMDAwMDAwMDAwMDAsInVwZGF0ZSI6MzAwMDAwMDAwMDAwfX0=",
          "dependencies": [
            "module.ecs.aws_lb.my_alb",
            "module.ecs.aws_lb_target_group.my_target_group",
            "module.my_vpc.aws_eip.my_eip",
            "module.my_vpc.aws_internet_gateway.my_igw",
            "module.my_vpc.aws_nat_gateway.my_nat_gateway",
            "module.my_vpc.aws_route.private_route",
            "module.my_vpc.aws_route_table.private_route_table",
            "module.my_vpc.aws_route_table.public_route_table",
            "module.my_vpc.aws_route_table_association.private_route_assoc",
            "module.my_vpc.aws_route_table_association.public_route_assoc",
            "module.my_vpc.aws_security_group.allow_all",
            "module.my_vpc.aws_subnet.private",
            "module.my_vpc.aws_subnet.public",
            "module.my_vpc.aws_vpc.my_vpc",
            "module.my_vpc.data.aws_availability_zones.current",
            "module.rds.aws_db_instance.mydb",
            "module.rds.aws_db_subnet_group.mydb_subnet_group"
          ]
        }
      ]
    },
    {
      "module": "module.ecs",
      "mode": "managed",
      "type": "aws_lb_target_group",
      "name": "my_target_group",
      "provider": "provider[\"registry.terraform.io/hashicorp/aws\"]",
      "instances": [
        {
          "schema_version": 0,
          "attributes": {
            "arn": "arn:aws:elasticloadbalancing:us-west-2:489994096722:targetgroup/ammar2/f6910c8c3e739514",
            "arn_suffix": "targetgroup/ammar2/f6910c8c3e739514",
            "connection_termination": null,
            "deregistration_delay": "300",
            "health_check": [
              {
                "enabled": true,
                "healthy_threshold": 3,
                "interval": 60,
                "matcher": "200",
                "path": "/",
                "port": "80",
                "protocol": "HTTP",
                "timeout": 30,
                "unhealthy_threshold": 5
              }
            ],
            "id": "arn:aws:elasticloadbalancing:us-west-2:489994096722:targetgroup/ammar2/f6910c8c3e739514",
            "ip_address_type": "ipv4",
            "lambda_multi_value_headers_enabled": false,
            "load_balancing_algorithm_type": "round_robin",
            "load_balancing_cross_zone_enabled": "use_load_balancer_configuration",
            "name": "ammar2",
            "name_prefix": "",
            "port": 80,
            "preserve_client_ip": null,
            "protocol": "HTTP",
            "protocol_version": "HTTP1",
            "proxy_protocol_v2": false,
            "slow_start": 0,
            "stickiness": [
              {
                "cookie_duration": 86400,
                "cookie_name": "",
                "enabled": false,
                "type": "lb_cookie"
              }
            ],
            "tags": {
              "Name": "ammar2"
            },
            "tags_all": {
              "Name": "ammar2"
            },
            "target_failover": [
              {
                "on_deregistration": null,
                "on_unhealthy": null
              }
            ],
            "target_health_state": [
              {
                "enable_unhealthy_connection_termination": null
              }
            ],
            "target_type": "ip",
            "vpc_id": "vpc-03639736ba84c39e6"
          },
          "sensitive_attributes": [],
          "private": "bnVsbA==",
          "dependencies": [
            "module.my_vpc.aws_eip.my_eip",
            "module.my_vpc.aws_internet_gateway.my_igw",
            "module.my_vpc.aws_nat_gateway.my_nat_gateway",
            "module.my_vpc.aws_route.private_route",
            "module.my_vpc.aws_route_table.private_route_table",
            "module.my_vpc.aws_route_table.public_route_table",
            "module.my_vpc.aws_route_table_association.private_route_assoc",
            "module.my_vpc.aws_route_table_association.public_route_assoc",
            "module.my_vpc.aws_security_group.allow_all",
            "module.my_vpc.aws_subnet.private",
            "module.my_vpc.aws_subnet.public",
            "module.my_vpc.aws_vpc.my_vpc",
            "module.my_vpc.data.aws_availability_zones.current",
            "module.rds.aws_db_instance.mydb",
            "module.rds.aws_db_subnet_group.mydb_subnet_group"
          ]
        }
      ]
    },
    {
      "module": "module.my_vpc[\"vpc_1\"]",
      "mode": "data",
      "type": "aws_availability_zones",
      "name": "current",
      "provider": "provider[\"registry.terraform.io/hashicorp/aws\"]",
      "instances": [
        {
          "schema_version": 0,
          "attributes": {
            "all_availability_zones": null,
            "exclude_names": null,
            "exclude_zone_ids": null,
            "filter": null,
            "group_names": [
              "us-west-2"
            ],
            "id": "us-west-2",
            "names": [
              "us-west-2a",
              "us-west-2b",
              "us-west-2c",
              "us-west-2d"
            ],
            "state": null,
            "timeouts": null,
            "zone_ids": [
              "usw2-az1",
              "usw2-az2",
              "usw2-az3",
              "usw2-az4"
            ]
          },
          "sensitive_attributes": []
        }
      ]
    },
    {
      "module": "module.my_vpc[\"vpc_1\"]",
      "mode": "managed",
      "type": "aws_eip",
      "name": "my_eip",
      "provider": "provider[\"registry.terraform.io/hashicorp/aws\"]",
      "instances": [
        {
          "index_key": 0,
          "schema_version": 0,
          "attributes": {
            "address": null,
            "allocation_id": "eipalloc-09103b9c145222f6a",
            "associate_with_private_ip": null,
            "association_id": "eipassoc-0f4920794b853534b",
            "carrier_ip": "",
            "customer_owned_ip": "",
            "customer_owned_ipv4_pool": "",
            "domain": "vpc",
            "id": "eipalloc-09103b9c145222f6a",
            "instance": "",
            "network_border_group": "us-west-2",
            "network_interface": "eni-05ac72b80cf734e18",
            "private_dns": "ip-10-0-1-23.us-west-2.compute.internal",
            "private_ip": "10.0.1.23",
            "public_dns": "ec2-54-244-19-77.us-west-2.compute.amazonaws.com",
            "public_ip": "54.244.19.77",
            "public_ipv4_pool": "amazon",
            "tags": {},
            "tags_all": {},
            "timeouts": null,
            "vpc": true
          },
          "sensitive_attributes": [],
          "private": "eyJlMmJmYjczMC1lY2FhLTExZTYtOGY4OC0zNDM2M2JjN2M0YzAiOnsiZGVsZXRlIjoxODAwMDAwMDAwMDAsInJlYWQiOjkwMDAwMDAwMDAwMCwidXBkYXRlIjozMDAwMDAwMDAwMDB9fQ=="
        }
      ]
    },
    {
      "module": "module.my_vpc[\"vpc_1\"]",
      "mode": "managed",
      "type": "aws_internet_gateway",
      "name": "my_igw",
      "provider": "provider[\"registry.terraform.io/hashicorp/aws\"]",
      "instances": [
        {
          "schema_version": 0,
          "attributes": {
            "arn": "arn:aws:ec2:us-west-2:489994096722:internet-gateway/igw-0329acfefaaf41b85",
            "id": "igw-0329acfefaaf41b85",
            "owner_id": "489994096722",
            "tags": {
              "Name": "my-igw"
            },
            "tags_all": {
              "Name": "my-igw"
            },
            "timeouts": null,
            "vpc_id": "vpc-03639736ba84c39e6"
          },
          "sensitive_attributes": [],
          "private": "eyJlMmJmYjczMC1lY2FhLTExZTYtOGY4OC0zNDM2M2JjN2M0YzAiOnsiY3JlYXRlIjoxMjAwMDAwMDAwMDAwLCJkZWxldGUiOjEyMDAwMDAwMDAwMDAsInVwZGF0ZSI6MTIwMDAwMDAwMDAwMH19",
          "dependencies": [
            "module.my_vpc.aws_vpc.my_vpc"
          ]
        }
      ]
    },
    {
      "module": "module.my_vpc[\"vpc_1\"]",
      "mode": "managed",
      "type": "aws_nat_gateway",
      "name": "my_nat_gateway",
      "provider": "provider[\"registry.terraform.io/hashicorp/aws\"]",
      "instances": [
        {
          "index_key": 0,
          "schema_version": 0,
          "attributes": {
            "allocation_id": "eipalloc-09103b9c145222f6a",
            "association_id": "eipassoc-00bc6a3282c320c59",
            "connectivity_type": "public",
            "id": "nat-0a54d9bba5967e0b6",
            "network_interface_id": "eni-0eddec26132da3962",
            "private_ip": "10.0.1.6",
            "public_ip": "54.244.19.77",
            "secondary_allocation_ids": null,
            "secondary_private_ip_address_count": 0,
            "secondary_private_ip_addresses": [],
            "subnet_id": "subnet-0d0fea81afb0f0c22",
            "tags": {
              "Name": "nat-gateway"
            },
            "tags_all": {
              "Name": "nat-gateway"
            },
            "timeouts": null
          },
          "sensitive_attributes": [],
          "private": "eyJlMmJmYjczMC1lY2FhLTExZTYtOGY4OC0zNDM2M2JjN2M0YzAiOnsiY3JlYXRlIjo2MDAwMDAwMDAwMDAsImRlbGV0ZSI6MTgwMDAwMDAwMDAwMCwidXBkYXRlIjo2MDAwMDAwMDAwMDB9fQ==",
          "dependencies": [
            "module.my_vpc.aws_eip.my_eip",
            "module.my_vpc.aws_subnet.public",
            "module.my_vpc.aws_vpc.my_vpc",
            "module.my_vpc.data.aws_availability_zones.current"
          ]
        }
      ]
    },
    {
      "module": "module.my_vpc[\"vpc_1\"]",
      "mode": "managed",
      "type": "aws_route",
      "name": "private_route",
      "provider": "provider[\"registry.terraform.io/hashicorp/aws\"]",
      "instances": [
        {
          "index_key": 0,
          "schema_version": 0,
          "attributes": {
            "carrier_gateway_id": "",
            "core_network_arn": "",
            "destination_cidr_block": "0.0.0.0/0",
            "destination_ipv6_cidr_block": "",
            "destination_prefix_list_id": "",
            "egress_only_gateway_id": "",
            "gateway_id": "",
            "id": "r-rtb-039388f8a7824531e1080289494",
            "instance_id": "",
            "instance_owner_id": "",
            "local_gateway_id": "",
            "nat_gateway_id": "nat-0a54d9bba5967e0b6",
            "network_interface_id": "",
            "origin": "CreateRoute",
            "route_table_id": "rtb-039388f8a7824531e",
            "state": "active",
            "timeouts": null,
            "transit_gateway_id": "",
            "vpc_endpoint_id": "",
            "vpc_peering_connection_id": ""
          },
          "sensitive_attributes": [],
          "private": "eyJlMmJmYjczMC1lY2FhLTExZTYtOGY4OC0zNDM2M2JjN2M0YzAiOnsiY3JlYXRlIjozMDAwMDAwMDAwMDAsImRlbGV0ZSI6MzAwMDAwMDAwMDAwLCJ1cGRhdGUiOjEyMDAwMDAwMDAwMH19",
          "dependencies": [
            "module.my_vpc.aws_eip.my_eip",
            "module.my_vpc.aws_nat_gateway.my_nat_gateway",
            "module.my_vpc.aws_route_table.private_route_table",
            "module.my_vpc.aws_subnet.public",
            "module.my_vpc.aws_vpc.my_vpc",
            "module.my_vpc.data.aws_availability_zones.current"
          ]
        }
      ]
    },
    {
      "module": "module.my_vpc[\"vpc_1\"]",
      "mode": "managed",
      "type": "aws_route_table",
      "name": "private_route_table",
      "provider": "provider[\"registry.terraform.io/hashicorp/aws\"]",
      "instances": [
        {
          "index_key": 0,
          "schema_version": 0,
          "attributes": {
            "arn": "arn:aws:ec2:us-west-2:489994096722:route-table/rtb-039388f8a7824531e",
            "id": "rtb-039388f8a7824531e",
            "owner_id": "489994096722",
            "propagating_vgws": [],
            "route": [],
            "tags": {
              "Name": "private-route-table"
            },
            "tags_all": {
              "Name": "private-route-table"
            },
            "timeouts": null,
            "vpc_id": "vpc-03639736ba84c39e6"
          },
          "sensitive_attributes": [],
          "private": "eyJlMmJmYjczMC1lY2FhLTExZTYtOGY4OC0zNDM2M2JjN2M0YzAiOnsiY3JlYXRlIjozMDAwMDAwMDAwMDAsImRlbGV0ZSI6MzAwMDAwMDAwMDAwLCJ1cGRhdGUiOjEyMDAwMDAwMDAwMH19",
          "dependencies": [
            "module.my_vpc.aws_vpc.my_vpc"
          ]
        }
      ]
    },
    {
      "module": "module.my_vpc[\"vpc_1\"]",
      "mode": "managed",
      "type": "aws_route_table",
      "name": "public_route_table",
      "provider": "provider[\"registry.terraform.io/hashicorp/aws\"]",
      "instances": [
        {
          "schema_version": 0,
          "attributes": {
            "arn": "arn:aws:ec2:us-west-2:489994096722:route-table/rtb-017f329cdbc38c3ac",
            "id": "rtb-017f329cdbc38c3ac",
            "owner_id": "489994096722",
            "propagating_vgws": [],
            "route": [
              {
                "carrier_gateway_id": "",
                "cidr_block": "0.0.0.0/0",
                "core_network_arn": "",
                "destination_prefix_list_id": "",
                "egress_only_gateway_id": "",
                "gateway_id": "igw-0329acfefaaf41b85",
                "ipv6_cidr_block": "",
                "local_gateway_id": "",
                "nat_gateway_id": "",
                "network_interface_id": "",
                "transit_gateway_id": "",
                "vpc_endpoint_id": "",
                "vpc_peering_connection_id": ""
              }
            ],
            "tags": {
              "Name": "public-route-table"
            },
            "tags_all": {
              "Name": "public-route-table"
            },
            "timeouts": null,
            "vpc_id": "vpc-03639736ba84c39e6"
          },
          "sensitive_attributes": [],
          "private": "eyJlMmJmYjczMC1lY2FhLTExZTYtOGY4OC0zNDM2M2JjN2M0YzAiOnsiY3JlYXRlIjozMDAwMDAwMDAwMDAsImRlbGV0ZSI6MzAwMDAwMDAwMDAwLCJ1cGRhdGUiOjEyMDAwMDAwMDAwMH19",
          "dependencies": [
            "module.my_vpc.aws_internet_gateway.my_igw",
            "module.my_vpc.aws_vpc.my_vpc"
          ]
        }
      ]
    },
    {
      "module": "module.my_vpc[\"vpc_1\"]",
      "mode": "managed",
      "type": "aws_route_table_association",
      "name": "private_route_assoc",
      "provider": "provider[\"registry.terraform.io/hashicorp/aws\"]",
      "instances": [
        {
          "index_key": 0,
          "schema_version": 0,
          "attributes": {
            "gateway_id": "",
            "id": "rtbassoc-0c05627c515d5713e",
            "route_table_id": "rtb-039388f8a7824531e",
            "subnet_id": "subnet-01a075a71eb91fbd8",
            "timeouts": null
          },
          "sensitive_attributes": [],
          "private": "eyJlMmJmYjczMC1lY2FhLTExZTYtOGY4OC0zNDM2M2JjN2M0YzAiOnsiY3JlYXRlIjozMDAwMDAwMDAwMDAsImRlbGV0ZSI6MzAwMDAwMDAwMDAwLCJ1cGRhdGUiOjEyMDAwMDAwMDAwMH19",
          "dependencies": [
            "module.my_vpc.aws_route_table.private_route_table",
            "module.my_vpc.aws_subnet.private",
            "module.my_vpc.aws_vpc.my_vpc",
            "module.my_vpc.data.aws_availability_zones.current"
          ]
        },
        {
          "index_key": 1,
          "schema_version": 0,
          "attributes": {
            "gateway_id": "",
            "id": "rtbassoc-0f55f8ddc82868b07",
            "route_table_id": "rtb-039388f8a7824531e",
            "subnet_id": "subnet-0e06ecbf64c4a0c33",
            "timeouts": null
          },
          "sensitive_attributes": [],
          "private": "eyJlMmJmYjczMC1lY2FhLTExZTYtOGY4OC0zNDM2M2JjN2M0YzAiOnsiY3JlYXRlIjozMDAwMDAwMDAwMDAsImRlbGV0ZSI6MzAwMDAwMDAwMDAwLCJ1cGRhdGUiOjEyMDAwMDAwMDAwMH19",
          "dependencies": [
            "module.my_vpc.aws_route_table.private_route_table",
            "module.my_vpc.aws_subnet.private",
            "module.my_vpc.aws_vpc.my_vpc",
            "module.my_vpc.data.aws_availability_zones.current"
          ]
        },
        {
          "index_key": 2,
          "schema_version": 0,
          "attributes": {
            "gateway_id": "",
            "id": "rtbassoc-026d0ea954b245c9c",
            "route_table_id": "rtb-039388f8a7824531e",
            "subnet_id": "subnet-018749ae01911f616",
            "timeouts": null
          },
          "sensitive_attributes": [],
          "private": "eyJlMmJmYjczMC1lY2FhLTExZTYtOGY4OC0zNDM2M2JjN2M0YzAiOnsiY3JlYXRlIjozMDAwMDAwMDAwMDAsImRlbGV0ZSI6MzAwMDAwMDAwMDAwLCJ1cGRhdGUiOjEyMDAwMDAwMDAwMH19",
          "dependencies": [
            "module.my_vpc.aws_route_table.private_route_table",
            "module.my_vpc.aws_subnet.private",
            "module.my_vpc.aws_vpc.my_vpc",
            "module.my_vpc.data.aws_availability_zones.current"
          ]
        }
      ]
    },
    {
      "module": "module.my_vpc[\"vpc_1\"]",
      "mode": "managed",
      "type": "aws_route_table_association",
      "name": "public_route_assoc",
      "provider": "provider[\"registry.terraform.io/hashicorp/aws\"]",
      "instances": [
        {
          "index_key": 0,
          "schema_version": 0,
          "attributes": {
            "gateway_id": "",
            "id": "rtbassoc-0e7248ae085c8a656",
            "route_table_id": "rtb-017f329cdbc38c3ac",
            "subnet_id": "subnet-0d0fea81afb0f0c22",
            "timeouts": null
          },
          "sensitive_attributes": [],
          "private": "eyJlMmJmYjczMC1lY2FhLTExZTYtOGY4OC0zNDM2M2JjN2M0YzAiOnsiY3JlYXRlIjozMDAwMDAwMDAwMDAsImRlbGV0ZSI6MzAwMDAwMDAwMDAwLCJ1cGRhdGUiOjEyMDAwMDAwMDAwMH19",
          "dependencies": [
            "module.my_vpc.aws_internet_gateway.my_igw",
            "module.my_vpc.aws_route_table.public_route_table",
            "module.my_vpc.aws_subnet.public",
            "module.my_vpc.aws_vpc.my_vpc",
            "module.my_vpc.data.aws_availability_zones.current"
          ]
        },
        {
          "index_key": 1,
          "schema_version": 0,
          "attributes": {
            "gateway_id": "",
            "id": "rtbassoc-09d17a5e39ccaacd8",
            "route_table_id": "rtb-017f329cdbc38c3ac",
            "subnet_id": "subnet-02d4f2d4b6c9a19ad",
            "timeouts": null
          },
          "sensitive_attributes": [],
          "private": "eyJlMmJmYjczMC1lY2FhLTExZTYtOGY4OC0zNDM2M2JjN2M0YzAiOnsiY3JlYXRlIjozMDAwMDAwMDAwMDAsImRlbGV0ZSI6MzAwMDAwMDAwMDAwLCJ1cGRhdGUiOjEyMDAwMDAwMDAwMH19",
          "dependencies": [
            "module.my_vpc.aws_internet_gateway.my_igw",
            "module.my_vpc.aws_route_table.public_route_table",
            "module.my_vpc.aws_subnet.public",
            "module.my_vpc.aws_vpc.my_vpc",
            "module.my_vpc.data.aws_availability_zones.current"
          ]
        },
        {
          "index_key": 2,
          "schema_version": 0,
          "attributes": {
            "gateway_id": "",
            "id": "rtbassoc-05a94004d847716fc",
            "route_table_id": "rtb-017f329cdbc38c3ac",
            "subnet_id": "subnet-08e92674f8701b962",
            "timeouts": null
          },
          "sensitive_attributes": [],
          "private": "eyJlMmJmYjczMC1lY2FhLTExZTYtOGY4OC0zNDM2M2JjN2M0YzAiOnsiY3JlYXRlIjozMDAwMDAwMDAwMDAsImRlbGV0ZSI6MzAwMDAwMDAwMDAwLCJ1cGRhdGUiOjEyMDAwMDAwMDAwMH19",
          "dependencies": [
            "module.my_vpc.aws_internet_gateway.my_igw",
            "module.my_vpc.aws_route_table.public_route_table",
            "module.my_vpc.aws_subnet.public",
            "module.my_vpc.aws_vpc.my_vpc",
            "module.my_vpc.data.aws_availability_zones.current"
          ]
        }
      ]
    },
    {
      "module": "module.my_vpc[\"vpc_1\"]",
      "mode": "managed",
      "type": "aws_security_group",
      "name": "allow_all",
      "provider": "provider[\"registry.terraform.io/hashicorp/aws\"]",
      "instances": [
        {
          "schema_version": 1,
          "attributes": {
            "arn": "arn:aws:ec2:us-west-2:489994096722:security-group/sg-02f9b3093fdfa953e",
            "description": "Managed by Terraform",
            "egress": [
              {
                "cidr_blocks": [
                  "0.0.0.0/0"
                ],
                "description": "",
                "from_port": 0,
                "ipv6_cidr_blocks": [],
                "prefix_list_ids": [],
                "protocol": "-1",
                "security_groups": [],
                "self": false,
                "to_port": 0
              }
            ],
            "id": "sg-02f9b3093fdfa953e",
            "ingress": [
              {
                "cidr_blocks": [
                  "0.0.0.0/0"
                ],
                "description": "",
                "from_port": 0,
                "ipv6_cidr_blocks": [],
                "prefix_list_ids": [],
                "protocol": "-1",
                "security_groups": [],
                "self": false,
                "to_port": 0
              }
            ],
            "name": "terraform-20240103234422790200000001",
            "name_prefix": "terraform-",
            "owner_id": "489994096722",
            "revoke_rules_on_delete": false,
            "tags": {
              "Name": "allow-selected-ports"
            },
            "tags_all": {
              "Name": "allow-selected-ports"
            },
            "timeouts": null,
            "vpc_id": "vpc-03639736ba84c39e6"
          },
          "sensitive_attributes": [],
          "private": "eyJlMmJmYjczMC1lY2FhLTExZTYtOGY4OC0zNDM2M2JjN2M0YzAiOnsiY3JlYXRlIjo2MDAwMDAwMDAwMDAsImRlbGV0ZSI6OTAwMDAwMDAwMDAwfSwic2NoZW1hX3ZlcnNpb24iOiIxIn0=",
          "dependencies": [
            "module.my_vpc.aws_vpc.my_vpc"
          ]
        }
      ]
    },
    {
      "module": "module.my_vpc[\"vpc_1\"]",
      "mode": "managed",
      "type": "aws_subnet",
      "name": "private",
      "provider": "provider[\"registry.terraform.io/hashicorp/aws\"]",
      "instances": [
        {
          "index_key": 0,
          "schema_version": 1,
          "attributes": {
            "arn": "arn:aws:ec2:us-west-2:489994096722:subnet/subnet-01a075a71eb91fbd8",
            "assign_ipv6_address_on_creation": false,
            "availability_zone": "us-west-2a",
            "availability_zone_id": "usw2-az1",
            "cidr_block": "10.0.4.0/24",
            "customer_owned_ipv4_pool": "",
            "enable_dns64": false,
            "enable_lni_at_device_index": 0,
            "enable_resource_name_dns_a_record_on_launch": false,
            "enable_resource_name_dns_aaaa_record_on_launch": false,
            "id": "subnet-01a075a71eb91fbd8",
            "ipv6_cidr_block": "",
            "ipv6_cidr_block_association_id": "",
            "ipv6_native": false,
            "map_customer_owned_ip_on_launch": false,
            "map_public_ip_on_launch": false,
            "outpost_arn": "",
            "owner_id": "489994096722",
            "private_dns_hostname_type_on_launch": "ip-name",
            "tags": {
              "Name": "private-subnet-1"
            },
            "tags_all": {
              "Name": "private-subnet-1"
            },
            "timeouts": null,
            "vpc_id": "vpc-03639736ba84c39e6"
          },
          "sensitive_attributes": [],
          "private": "eyJlMmJmYjczMC1lY2FhLTExZTYtOGY4OC0zNDM2M2JjN2M0YzAiOnsiY3JlYXRlIjo2MDAwMDAwMDAwMDAsImRlbGV0ZSI6MTIwMDAwMDAwMDAwMH0sInNjaGVtYV92ZXJzaW9uIjoiMSJ9",
          "dependencies": [
            "module.my_vpc.aws_vpc.my_vpc",
            "module.my_vpc.data.aws_availability_zones.current"
          ]
        },
        {
          "index_key": 1,
          "schema_version": 1,
          "attributes": {
            "arn": "arn:aws:ec2:us-west-2:489994096722:subnet/subnet-0e06ecbf64c4a0c33",
            "assign_ipv6_address_on_creation": false,
            "availability_zone": "us-west-2b",
            "availability_zone_id": "usw2-az2",
            "cidr_block": "10.0.5.0/24",
            "customer_owned_ipv4_pool": "",
            "enable_dns64": false,
            "enable_lni_at_device_index": 0,
            "enable_resource_name_dns_a_record_on_launch": false,
            "enable_resource_name_dns_aaaa_record_on_launch": false,
            "id": "subnet-0e06ecbf64c4a0c33",
            "ipv6_cidr_block": "",
            "ipv6_cidr_block_association_id": "",
            "ipv6_native": false,
            "map_customer_owned_ip_on_launch": false,
            "map_public_ip_on_launch": false,
            "outpost_arn": "",
            "owner_id": "489994096722",
            "private_dns_hostname_type_on_launch": "ip-name",
            "tags": {
              "Name": "private-subnet-2"
            },
            "tags_all": {
              "Name": "private-subnet-2"
            },
            "timeouts": null,
            "vpc_id": "vpc-03639736ba84c39e6"
          },
          "sensitive_attributes": [],
          "private": "eyJlMmJmYjczMC1lY2FhLTExZTYtOGY4OC0zNDM2M2JjN2M0YzAiOnsiY3JlYXRlIjo2MDAwMDAwMDAwMDAsImRlbGV0ZSI6MTIwMDAwMDAwMDAwMH0sInNjaGVtYV92ZXJzaW9uIjoiMSJ9",
          "dependencies": [
            "module.my_vpc.aws_vpc.my_vpc",
            "module.my_vpc.data.aws_availability_zones.current"
          ]
        },
        {
          "index_key": 2,
          "schema_version": 1,
          "attributes": {
            "arn": "arn:aws:ec2:us-west-2:489994096722:subnet/subnet-018749ae01911f616",
            "assign_ipv6_address_on_creation": false,
            "availability_zone": "us-west-2c",
            "availability_zone_id": "usw2-az3",
            "cidr_block": "10.0.6.0/24",
            "customer_owned_ipv4_pool": "",
            "enable_dns64": false,
            "enable_lni_at_device_index": 0,
            "enable_resource_name_dns_a_record_on_launch": false,
            "enable_resource_name_dns_aaaa_record_on_launch": false,
            "id": "subnet-018749ae01911f616",
            "ipv6_cidr_block": "",
            "ipv6_cidr_block_association_id": "",
            "ipv6_native": false,
            "map_customer_owned_ip_on_launch": false,
            "map_public_ip_on_launch": false,
            "outpost_arn": "",
            "owner_id": "489994096722",
            "private_dns_hostname_type_on_launch": "ip-name",
            "tags": {
              "Name": "private-subnet-3"
            },
            "tags_all": {
              "Name": "private-subnet-3"
            },
            "timeouts": null,
            "vpc_id": "vpc-03639736ba84c39e6"
          },
          "sensitive_attributes": [],
          "private": "eyJlMmJmYjczMC1lY2FhLTExZTYtOGY4OC0zNDM2M2JjN2M0YzAiOnsiY3JlYXRlIjo2MDAwMDAwMDAwMDAsImRlbGV0ZSI6MTIwMDAwMDAwMDAwMH0sInNjaGVtYV92ZXJzaW9uIjoiMSJ9",
          "dependencies": [
            "module.my_vpc.aws_vpc.my_vpc",
            "module.my_vpc.data.aws_availability_zones.current"
          ]
        }
      ]
    },
    {
      "module": "module.my_vpc[\"vpc_1\"]",
      "mode": "managed",
      "type": "aws_subnet",
      "name": "public",
      "provider": "provider[\"registry.terraform.io/hashicorp/aws\"]",
      "instances": [
        {
          "index_key": 0,
          "schema_version": 1,
          "attributes": {
            "arn": "arn:aws:ec2:us-west-2:489994096722:subnet/subnet-0d0fea81afb0f0c22",
            "assign_ipv6_address_on_creation": false,
            "availability_zone": "us-west-2a",
            "availability_zone_id": "usw2-az1",
            "cidr_block": "10.0.1.0/24",
            "customer_owned_ipv4_pool": "",
            "enable_dns64": false,
            "enable_lni_at_device_index": 0,
            "enable_resource_name_dns_a_record_on_launch": false,
            "enable_resource_name_dns_aaaa_record_on_launch": false,
            "id": "subnet-0d0fea81afb0f0c22",
            "ipv6_cidr_block": "",
            "ipv6_cidr_block_association_id": "",
            "ipv6_native": false,
            "map_customer_owned_ip_on_launch": false,
            "map_public_ip_on_launch": true,
            "outpost_arn": "",
            "owner_id": "489994096722",
            "private_dns_hostname_type_on_launch": "ip-name",
            "tags": {
              "Name": "public-subnet-1"
            },
            "tags_all": {
              "Name": "public-subnet-1"
            },
            "timeouts": null,
            "vpc_id": "vpc-03639736ba84c39e6"
          },
          "sensitive_attributes": [],
          "private": "eyJlMmJmYjczMC1lY2FhLTExZTYtOGY4OC0zNDM2M2JjN2M0YzAiOnsiY3JlYXRlIjo2MDAwMDAwMDAwMDAsImRlbGV0ZSI6MTIwMDAwMDAwMDAwMH0sInNjaGVtYV92ZXJzaW9uIjoiMSJ9",
          "dependencies": [
            "module.my_vpc.aws_vpc.my_vpc",
            "module.my_vpc.data.aws_availability_zones.current"
          ]
        },
        {
          "index_key": 1,
          "schema_version": 1,
          "attributes": {
            "arn": "arn:aws:ec2:us-west-2:489994096722:subnet/subnet-02d4f2d4b6c9a19ad",
            "assign_ipv6_address_on_creation": false,
            "availability_zone": "us-west-2b",
            "availability_zone_id": "usw2-az2",
            "cidr_block": "10.0.2.0/24",
            "customer_owned_ipv4_pool": "",
            "enable_dns64": false,
            "enable_lni_at_device_index": 0,
            "enable_resource_name_dns_a_record_on_launch": false,
            "enable_resource_name_dns_aaaa_record_on_launch": false,
            "id": "subnet-02d4f2d4b6c9a19ad",
            "ipv6_cidr_block": "",
            "ipv6_cidr_block_association_id": "",
            "ipv6_native": false,
            "map_customer_owned_ip_on_launch": false,
            "map_public_ip_on_launch": true,
            "outpost_arn": "",
            "owner_id": "489994096722",
            "private_dns_hostname_type_on_launch": "ip-name",
            "tags": {
              "Name": "public-subnet-2"
            },
            "tags_all": {
              "Name": "public-subnet-2"
            },
            "timeouts": null,
            "vpc_id": "vpc-03639736ba84c39e6"
          },
          "sensitive_attributes": [],
          "private": "eyJlMmJmYjczMC1lY2FhLTExZTYtOGY4OC0zNDM2M2JjN2M0YzAiOnsiY3JlYXRlIjo2MDAwMDAwMDAwMDAsImRlbGV0ZSI6MTIwMDAwMDAwMDAwMH0sInNjaGVtYV92ZXJzaW9uIjoiMSJ9",
          "dependencies": [
            "module.my_vpc.aws_vpc.my_vpc",
            "module.my_vpc.data.aws_availability_zones.current"
          ]
        },
        {
          "index_key": 2,
          "schema_version": 1,
          "attributes": {
            "arn": "arn:aws:ec2:us-west-2:489994096722:subnet/subnet-08e92674f8701b962",
            "assign_ipv6_address_on_creation": false,
            "availability_zone": "us-west-2c",
            "availability_zone_id": "usw2-az3",
            "cidr_block": "10.0.3.0/24",
            "customer_owned_ipv4_pool": "",
            "enable_dns64": false,
            "enable_lni_at_device_index": 0,
            "enable_resource_name_dns_a_record_on_launch": false,
            "enable_resource_name_dns_aaaa_record_on_launch": false,
            "id": "subnet-08e92674f8701b962",
            "ipv6_cidr_block": "",
            "ipv6_cidr_block_association_id": "",
            "ipv6_native": false,
            "map_customer_owned_ip_on_launch": false,
            "map_public_ip_on_launch": true,
            "outpost_arn": "",
            "owner_id": "489994096722",
            "private_dns_hostname_type_on_launch": "ip-name",
            "tags": {
              "Name": "public-subnet-3"
            },
            "tags_all": {
              "Name": "public-subnet-3"
            },
            "timeouts": null,
            "vpc_id": "vpc-03639736ba84c39e6"
          },
          "sensitive_attributes": [],
          "private": "eyJlMmJmYjczMC1lY2FhLTExZTYtOGY4OC0zNDM2M2JjN2M0YzAiOnsiY3JlYXRlIjo2MDAwMDAwMDAwMDAsImRlbGV0ZSI6MTIwMDAwMDAwMDAwMH0sInNjaGVtYV92ZXJzaW9uIjoiMSJ9",
          "dependencies": [
            "module.my_vpc.aws_vpc.my_vpc",
            "module.my_vpc.data.aws_availability_zones.current"
          ]
        }
      ]
    },
    {
      "module": "module.my_vpc[\"vpc_1\"]",
      "mode": "managed",
      "type": "aws_vpc",
      "name": "my_vpc",
      "provider": "provider[\"registry.terraform.io/hashicorp/aws\"]",
      "instances": [
        {
          "schema_version": 1,
          "attributes": {
            "arn": "arn:aws:ec2:us-west-2:489994096722:vpc/vpc-03639736ba84c39e6",
            "assign_generated_ipv6_cidr_block": false,
            "cidr_block": "10.0.0.0/16",
            "default_network_acl_id": "acl-09be93f3e229ea7e8",
            "default_route_table_id": "rtb-0d10ceeef88129386",
            "default_security_group_id": "sg-05a247bfd32e062b1",
            "dhcp_options_id": "dopt-cc0f22b4",
            "enable_dns_hostnames": true,
            "enable_dns_support": true,
            "enable_network_address_usage_metrics": false,
            "id": "vpc-03639736ba84c39e6",
            "instance_tenancy": "default",
            "ipv4_ipam_pool_id": null,
            "ipv4_netmask_length": null,
            "ipv6_association_id": "",
            "ipv6_cidr_block": "",
            "ipv6_cidr_block_network_border_group": "",
            "ipv6_ipam_pool_id": "",
            "ipv6_netmask_length": 0,
            "main_route_table_id": "rtb-0d10ceeef88129386",
            "owner_id": "489994096722",
            "tags": {
              "Name": "ammar2-vpc"
            },
            "tags_all": {
              "Name": "ammar2-vpc"
            }
          },
          "sensitive_attributes": [],
          "private": "eyJzY2hlbWFfdmVyc2lvbiI6IjEifQ=="
        }
      ]
    },
    {
      "module": "module.rds",
      "mode": "managed",
      "type": "aws_db_instance",
      "name": "mydb",
      "provider": "provider[\"registry.terraform.io/hashicorp/aws\"]",
      "instances": [
        {
          "schema_version": 2,
          "attributes": {
            "address": "ammar2-db-instance.ckzduimfmpdl.us-west-2.rds.amazonaws.com",
            "allocated_storage": 20,
            "allow_major_version_upgrade": null,
            "apply_immediately": false,
            "arn": "arn:aws:rds:us-west-2:489994096722:db:ammar2-db-instance",
            "auto_minor_version_upgrade": true,
            "availability_zone": "us-west-2b",
            "backup_retention_period": 0,
            "backup_target": "region",
            "backup_window": "10:40-11:10",
            "blue_green_update": [],
            "ca_cert_identifier": "rds-ca-2019",
            "character_set_name": "",
            "copy_tags_to_snapshot": false,
            "custom_iam_instance_profile": "",
            "customer_owned_ip_enabled": false,
            "db_name": "",
            "db_subnet_group_name": "ammar2-db-sg",
            "delete_automated_backups": true,
            "deletion_protection": false,
            "domain": "",
            "domain_iam_role_name": "",
            "enabled_cloudwatch_logs_exports": null,
            "endpoint": "ammar2-db-instance.ckzduimfmpdl.us-west-2.rds.amazonaws.com:3306",
            "engine": "mysql",
            "engine_version": "5.7",
            "engine_version_actual": "5.7.44",
            "final_snapshot_identifier": "mydb-snapshot",
            "hosted_zone_id": "Z1PVIF0B656C1W",
            "iam_database_authentication_enabled": false,
            "id": "db-GPMCRKL4DJOHGFMGRDYGTTJEC4",
            "identifier": "ammar2-db-instance",
            "identifier_prefix": "",
            "instance_class": "db.t2.micro",
            "iops": 0,
            "kms_key_id": "",
            "latest_restorable_time": "",
            "license_model": "general-public-license",
            "listener_endpoint": [],
            "maintenance_window": "thu:12:46-thu:13:16",
            "manage_master_user_password": null,
            "master_user_secret": [],
            "master_user_secret_kms_key_id": null,
            "max_allocated_storage": 0,
            "monitoring_interval": 0,
            "monitoring_role_arn": "",
            "multi_az": true,
            "nchar_character_set_name": "",
            "network_type": "IPV4",
            "option_group_name": "default:mysql-5-7",
            "parameter_group_name": "default.mysql5.7",
            "password": "123_abcde",
            "performance_insights_enabled": false,
            "performance_insights_kms_key_id": "",
            "performance_insights_retention_period": 0,
            "port": 3306,
            "publicly_accessible": true,
            "replica_mode": "",
            "replicas": [],
            "replicate_source_db": "",
            "resource_id": "db-GPMCRKL4DJOHGFMGRDYGTTJEC4",
            "restore_to_point_in_time": [],
            "s3_import": [],
            "skip_final_snapshot": false,
            "snapshot_identifier": null,
            "status": "available",
            "storage_encrypted": false,
            "storage_throughput": 0,
            "storage_type": "gp2",
            "tags": {
              "Name": "ammar2-db-instance"
            },
            "tags_all": {
              "Name": "ammar2-db-instance"
            },
            "timeouts": null,
            "timezone": "",
            "username": "pyapp",
            "vpc_security_group_ids": [
              "sg-02f9b3093fdfa953e"
            ]
          },
          "sensitive_attributes": [],
          "private": "eyJlMmJmYjczMC1lY2FhLTExZTYtOGY4OC0zNDM2M2JjN2M0YzAiOnsiY3JlYXRlIjoyNDAwMDAwMDAwMDAwLCJkZWxldGUiOjM2MDAwMDAwMDAwMDAsInVwZGF0ZSI6NDgwMDAwMDAwMDAwMH0sInNjaGVtYV92ZXJzaW9uIjoiMiJ9",
          "dependencies": [
            "module.my_vpc.aws_eip.my_eip",
            "module.my_vpc.aws_internet_gateway.my_igw",
            "module.my_vpc.aws_nat_gateway.my_nat_gateway",
            "module.my_vpc.aws_route.private_route",
            "module.my_vpc.aws_route_table.private_route_table",
            "module.my_vpc.aws_route_table.public_route_table",
            "module.my_vpc.aws_route_table_association.private_route_assoc",
            "module.my_vpc.aws_route_table_association.public_route_assoc",
            "module.my_vpc.aws_security_group.allow_all",
            "module.my_vpc.aws_subnet.private",
            "module.my_vpc.aws_subnet.public",
            "module.my_vpc.aws_vpc.my_vpc",
            "module.my_vpc.data.aws_availability_zones.current",
            "module.rds.aws_db_subnet_group.mydb_subnet_group"
          ]
        }
      ]
    },
    {
      "module": "module.rds",
      "mode": "managed",
      "type": "aws_db_subnet_group",
      "name": "mydb_subnet_group",
      "provider": "provider[\"registry.terraform.io/hashicorp/aws\"]",
      "instances": [
        {
          "schema_version": 0,
          "attributes": {
            "arn": "arn:aws:rds:us-west-2:489994096722:subgrp:ammar2-db-sg",
            "description": "Managed by Terraform",
            "id": "ammar2-db-sg",
            "name": "ammar2-db-sg",
            "name_prefix": "",
            "subnet_ids": [
              "subnet-02d4f2d4b6c9a19ad",
              "subnet-08e92674f8701b962",
              "subnet-0d0fea81afb0f0c22"
            ],
            "supported_network_types": [
              "IPV4"
            ],
            "tags": {
              "Name": "ammar2-db-sg"
            },
            "tags_all": {
              "Name": "ammar2-db-sg"
            },
            "vpc_id": "vpc-03639736ba84c39e6"
          },
          "sensitive_attributes": [],
          "private": "bnVsbA==",
          "dependencies": [
            "module.my_vpc.aws_eip.my_eip",
            "module.my_vpc.aws_internet_gateway.my_igw",
            "module.my_vpc.aws_nat_gateway.my_nat_gateway",
            "module.my_vpc.aws_route.private_route",
            "module.my_vpc.aws_route_table.private_route_table",
            "module.my_vpc.aws_route_table.public_route_table",
            "module.my_vpc.aws_route_table_association.private_route_assoc",
            "module.my_vpc.aws_route_table_association.public_route_assoc",
            "module.my_vpc.aws_security_group.allow_all",
            "module.my_vpc.aws_subnet.private",
            "module.my_vpc.aws_subnet.public",
            "module.my_vpc.aws_vpc.my_vpc",
            "module.my_vpc.data.aws_availability_zones.current"
          ]
        }
      ]
    }
  ],
  "check_results": null
}
